// !$*UTF8*$!
{
	archiveVersion = 1;
	classes = {
	};
	objectVersion = 46;
	objects = {

/* Begin PBXBuildFile section */
		97B9D009158AD12F0085BC63 /* AudioStreamer.h in Headers */ = {isa = PBXBuildFile; fileRef = 97B9D007158AD12F0085BC63 /* AudioStreamer.h */; settings = {ATTRIBUTES = (Public, ); }; };
		97B9D00A158AD12F0085BC63 /* AudioStreamer.m in Sources */ = {isa = PBXBuildFile; fileRef = 97B9D008158AD12F0085BC63 /* AudioStreamer.m */; };
		97B9D00E158AD1DF0085BC63 /* AudioToolbox.framework in Frameworks */ = {isa = PBXBuildFile; fileRef = 97B9D00C158AD16C0085BC63 /* AudioToolbox.framework */; };
		97B9D010158AD1EB0085BC63 /* Cocoa.framework in Frameworks */ = {isa = PBXBuildFile; fileRef = 97B9D00F158AD1EB0085BC63 /* Cocoa.framework */; };
/* End PBXBuildFile section */

/* Begin PBXFileReference section */
		97B9CFE1158AD09B0085BC63 /* AudioStreamer.framework */ = {isa = PBXFileReference; explicitFileType = wrapper.framework; includeInIndex = 0; path = AudioStreamer.framework; sourceTree = BUILT_PRODUCTS_DIR; };
		97B9CFE4158AD09B0085BC63 /* Cocoa.framework */ = {isa = PBXFileReference; lastKnownFileType = wrapper.framework; name = Cocoa.framework; path = System/Library/Frameworks/Cocoa.framework; sourceTree = SDKROOT; };
		97B9CFE7158AD09B0085BC63 /* AppKit.framework */ = {isa = PBXFileReference; lastKnownFileType = wrapper.framework; name = AppKit.framework; path = System/Library/Frameworks/AppKit.framework; sourceTree = SDKROOT; };
		97B9CFE8158AD09B0085BC63 /* CoreData.framework */ = {isa = PBXFileReference; lastKnownFileType = wrapper.framework; name = CoreData.framework; path = System/Library/Frameworks/CoreData.framework; sourceTree = SDKROOT; };
		97B9CFE9158AD09B0085BC63 /* Foundation.framework */ = {isa = PBXFileReference; lastKnownFileType = wrapper.framework; name = Foundation.framework; path = System/Library/Frameworks/Foundation.framework; sourceTree = SDKROOT; };
		97B9D007158AD12F0085BC63 /* AudioStreamer.h */ = {isa = PBXFileReference; fileEncoding = 4; lastKnownFileType = sourcecode.c.h; path = AudioStreamer.h; sourceTree = "<group>"; };
		97B9D008158AD12F0085BC63 /* AudioStreamer.m */ = {isa = PBXFileReference; fileEncoding = 4; lastKnownFileType = sourcecode.c.objc; path = AudioStreamer.m; sourceTree = "<group>"; };
		97B9D00C158AD16C0085BC63 /* AudioToolbox.framework */ = {isa = PBXFileReference; lastKnownFileType = wrapper.framework; name = AudioToolbox.framework; path = Platforms/MacOSX.platform/Developer/SDKs/MacOSX10.7.sdk/System/Library/Frameworks/AudioToolbox.framework; sourceTree = DEVELOPER_DIR; };
		97B9D00F158AD1EB0085BC63 /* Cocoa.framework */ = {isa = PBXFileReference; lastKnownFileType = wrapper.framework; name = Cocoa.framework; path = Platforms/MacOSX.platform/Developer/SDKs/MacOSX10.7.sdk/System/Library/Frameworks/Cocoa.framework; sourceTree = DEVELOPER_DIR; };
/* End PBXFileReference section */

/* Begin PBXFrameworksBuildPhase section */
		97B9CFDD158AD09B0085BC63 /* Frameworks */ = {
			isa = PBXFrameworksBuildPhase;
			buildActionMask = 2147483647;
			files = (
				97B9D010158AD1EB0085BC63 /* Cocoa.framework in Frameworks */,
				97B9D00E158AD1DF0085BC63 /* AudioToolbox.framework in Frameworks */,
			);
			runOnlyForDeploymentPostprocessing = 0;
		};
/* End PBXFrameworksBuildPhase section */

/* Begin PBXGroup section */
		973BB662158AD07000A7D459 = {
			isa = PBXGroup;
			children = (
				97B9D00F158AD1EB0085BC63 /* Cocoa.framework */,
				97B9D00C158AD16C0085BC63 /* AudioToolbox.framework */,
				97B9CFEA158AD09B0085BC63 /* AudioStreamer */,
				97B9CFFE158AD0B10085BC63 /* libAudioStreamer.a */,
				97B9CFE3158AD09B0085BC63 /* Frameworks */,
				97B9CFE2158AD09B0085BC63 /* Products */,
			);
			sourceTree = "<group>";
		};
		97B9CFE2158AD09B0085BC63 /* Products */ = {
			isa = PBXGroup;
			children = (
				97B9CFE1158AD09B0085BC63 /* AudioStreamer.framework */,
			);
			name = Products;
			sourceTree = "<group>";
		};
		97B9CFE3158AD09B0085BC63 /* Frameworks */ = {
			isa = PBXGroup;
			children = (
				97B9CFE4158AD09B0085BC63 /* Cocoa.framework */,
				97B9CFE6158AD09B0085BC63 /* Other Frameworks */,
			);
			name = Frameworks;
			sourceTree = "<group>";
		};
		97B9CFE6158AD09B0085BC63 /* Other Frameworks */ = {
			isa = PBXGroup;
			children = (
				97B9CFE7158AD09B0085BC63 /* AppKit.framework */,
				97B9CFE8158AD09B0085BC63 /* CoreData.framework */,
				97B9CFE9158AD09B0085BC63 /* Foundation.framework */,
			);
			name = "Other Frameworks";
			sourceTree = "<group>";
		};
		97B9CFEA158AD09B0085BC63 /* AudioStreamer */ = {
			isa = PBXGroup;
			children = (
				97B9D007158AD12F0085BC63 /* AudioStreamer.h */,
				97B9D008158AD12F0085BC63 /* AudioStreamer.m */,
			);
			path = AudioStreamer;
			sourceTree = "<group>";
		};
		97B9CFFE158AD0B10085BC63 /* libAudioStreamer.a */ = {
			isa = PBXGroup;
			children = (
			);
			path = libAudioStreamer.a;
			sourceTree = "<group>";
		};
/* End PBXGroup section */

/* Begin PBXHeadersBuildPhase section */
		97B9CFDE158AD09B0085BC63 /* Headers */ = {
			isa = PBXHeadersBuildPhase;
			buildActionMask = 2147483647;
			files = (
				97B9D009158AD12F0085BC63 /* AudioStreamer.h in Headers */,
			);
			runOnlyForDeploymentPostprocessing = 0;
		};
/* End PBXHeadersBuildPhase section */

/* Begin PBXNativeTarget section */
		97B9CFE0158AD09B0085BC63 /* AudioStreamer */ = {
			isa = PBXNativeTarget;
			buildConfigurationList = 97B9CFF6158AD09B0085BC63 /* Build configuration list for PBXNativeTarget "AudioStreamer" */;
			buildPhases = (
				97B9CFDC158AD09B0085BC63 /* Sources */,
				97B9CFDD158AD09B0085BC63 /* Frameworks */,
				97B9CFDE158AD09B0085BC63 /* Headers */,
				97B9CFDF158AD09B0085BC63 /* Resources */,
			);
			buildRules = (
			);
			dependencies = (
			);
			name = AudioStreamer;
			productName = AudioStreamer;
			productReference = 97B9CFE1158AD09B0085BC63 /* AudioStreamer.framework */;
			productType = "com.apple.product-type.framework";
		};
/* End PBXNativeTarget section */

/* Begin PBXProject section */
		973BB664158AD07000A7D459 /* Project object */ = {
			isa = PBXProject;
			attributes = {
				LastUpgradeCheck = 0430;
			};
			buildConfigurationList = 973BB667158AD07000A7D459 /* Build configuration list for PBXProject "AudioStreamer" */;
			compatibilityVersion = "Xcode 3.2";
			developmentRegion = English;
			hasScannedForEncodings = 0;
			knownRegions = (
				en,
			);
			mainGroup = 973BB662158AD07000A7D459;
			productRefGroup = 97B9CFE2158AD09B0085BC63 /* Products */;
			projectDirPath = "";
			projectRoot = "";
			targets = (
				97B9CFE0158AD09B0085BC63 /* AudioStreamer */,
			);
		};
/* End PBXProject section */

/* Begin PBXResourcesBuildPhase section */
		97B9CFDF158AD09B0085BC63 /* Resources */ = {
			isa = PBXResourcesBuildPhase;
			buildActionMask = 2147483647;
			files = (
			);
			runOnlyForDeploymentPostprocessing = 0;
		};
/* End PBXResourcesBuildPhase section */

/* Begin PBXSourcesBuildPhase section */
		97B9CFDC158AD09B0085BC63 /* Sources */ = {
			isa = PBXSourcesBuildPhase;
			buildActionMask = 2147483647;
			files = (
				97B9D00A158AD12F0085BC63 /* AudioStreamer.m in Sources */,
			);
			runOnlyForDeploymentPostprocessing = 0;
		};
/* End PBXSourcesBuildPhase section */

/* Begin XCBuildConfiguration section */
		973BB669158AD07000A7D459 /* Debug */ = {
			isa = XCBuildConfiguration;
			buildSettings = {
				CLANG_ENABLE_OBJC_ARC = YES;
				GCC_TREAT_WARNINGS_AS_ERRORS = YES;
				GCC_WARN_ABOUT_RETURN_TYPE = YES;
				GCC_WARN_ALLOW_INCOMPLETE_PROTOCOL = NO;
				GCC_WARN_PEDANTIC = NO;
				GCC_WARN_UNINITIALIZED_AUTOS = YES;
				GCC_WARN_UNUSED_FUNCTION = YES;
				GCC_WARN_UNUSED_LABEL = YES;
				GCC_WARN_UNUSED_VARIABLE = YES;
				MACOSX_DEPLOYMENT_TARGET = 10.6;
				WARNING_CFLAGS = (
					"-Wextra",
					"-Wall",
					"-Wno-unused-parameter",
				);
			};
			name = Debug;
		};
		973BB66A158AD07000A7D459 /* Release */ = {
			isa = XCBuildConfiguration;
			buildSettings = {
				CLANG_ENABLE_OBJC_ARC = YES;
				GCC_TREAT_WARNINGS_AS_ERRORS = YES;
				GCC_WARN_ABOUT_RETURN_TYPE = YES;
				GCC_WARN_ALLOW_INCOMPLETE_PROTOCOL = NO;
				GCC_WARN_PEDANTIC = NO;
				GCC_WARN_UNINITIALIZED_AUTOS = YES;
				GCC_WARN_UNUSED_FUNCTION = YES;
				GCC_WARN_UNUSED_LABEL = YES;
				GCC_WARN_UNUSED_VARIABLE = YES;
				MACOSX_DEPLOYMENT_TARGET = 10.6;
				WARNING_CFLAGS = (
					"-Wextra",
					"-Wall",
					"-Wno-unused-parameter",
				);
			};
			name = Release;
		};
		97B9CFF4158AD09B0085BC63 /* Debug */ = {
			isa = XCBuildConfiguration;
			buildSettings = {
				ALWAYS_SEARCH_USER_PATHS = NO;
				ARCHS = "$(ARCHS_STANDARD_64_BIT)";
				COPY_PHASE_STRIP = NO;
				DYLIB_COMPATIBILITY_VERSION = 1;
				DYLIB_CURRENT_VERSION = 1;
				FRAMEWORK_VERSION = A;
				GCC_C_LANGUAGE_STANDARD = gnu99;
				GCC_DYNAMIC_NO_PIC = NO;
				GCC_ENABLE_OBJC_EXCEPTIONS = YES;
				GCC_OPTIMIZATION_LEVEL = 0;
				GCC_PRECOMPILE_PREFIX_HEADER = YES;
				GCC_PREPROCESSOR_DEFINITIONS = (
					"DEBUG=1",
					"$(inherited)",
				);
				GCC_SYMBOLS_PRIVATE_EXTERN = NO;
				GCC_VERSION = com.apple.compilers.llvm.clang.1_0;
				GCC_WARN_64_TO_32_BIT_CONVERSION = YES;
				GCC_WARN_ABOUT_RETURN_TYPE = YES;
				GCC_WARN_UNUSED_VARIABLE = YES;
				MACOSX_DEPLOYMENT_TARGET = 10.7;
				ONLY_ACTIVE_ARCH = YES;
				PRODUCT_NAME = "$(TARGET_NAME)";
				SDKROOT = macosx;
				WRAPPER_EXTENSION = framework;
			};
			name = Debug;
		};
		97B9CFF5158AD09B0085BC63 /* Release */ = {
			isa = XCBuildConfiguration;
			buildSettings = {
				ALWAYS_SEARCH_USER_PATHS = NO;
				ARCHS = "$(ARCHS_STANDARD_64_BIT)";
				COPY_PHASE_STRIP = YES;
				DEBUG_INFORMATION_FORMAT = "dwarf-with-dsym";
				DYLIB_COMPATIBILITY_VERSION = 1;
				DYLIB_CURRENT_VERSION = 1;
				FRAMEWORK_VERSION = A;
				GCC_C_LANGUAGE_STANDARD = gnu99;
				GCC_ENABLE_OBJC_EXCEPTIONS = YES;
				GCC_PRECOMPILE_PREFIX_HEADER = YES;
				GCC_VERSION = com.apple.compilers.llvm.clang.1_0;
				GCC_WARN_64_TO_32_BIT_CONVERSION = YES;
				GCC_WARN_ABOUT_RETURN_TYPE = YES;
				GCC_WARN_UNUSED_VARIABLE = YES;
				MACOSX_DEPLOYMENT_TARGET = 10.7;
				PRODUCT_NAME = "$(TARGET_NAME)";
				SDKROOT = macosx;
				WRAPPER_EXTENSION = framework;
			};
			name = Release;
		};
/* End XCBuildConfiguration section */

/* Begin XCConfigurationList section */
		973BB667158AD07000A7D459 /* Build configuration list for PBXProject "AudioStreamer" */ = {
			isa = XCConfigurationList;
			buildConfigurations = (
				973BB669158AD07000A7D459 /* Debug */,
				973BB66A158AD07000A7D459 /* Release */,
			);
			defaultConfigurationIsVisible = 0;
			defaultConfigurationName = Release;
		};
		97B9CFF6158AD09B0085BC63 /* Build configuration list for PBXNativeTarget "AudioStreamer" */ = {
			isa = XCConfigurationList;
			buildConfigurations = (
				97B9CFF4158AD09B0085BC63 /* Debug */,
				97B9CFF5158AD09B0085BC63 /* Release */,
			);
			defaultConfigurationIsVisible = 0;
			defaultConfigurationName = Release;
		};
/* End XCConfigurationList section */
	};
	rootObject = 973BB664158AD07000A7D459 /* Project object */;
}
