// !$*UTF8*$!
{
	archiveVersion = 1;
	classes = {
	};
	objectVersion = 46;
	objects = {

/* Begin PBXBuildFile section */
		0515892D19C97761004A1E00 /* CFNetwork.framework in Frameworks */ = {isa = PBXBuildFile; fileRef = 0515892C19C97761004A1E00 /* CFNetwork.framework */; };
		0515893419C9798A004A1E00 /* MediaPlayer.framework in Frameworks */ = {isa = PBXBuildFile; fileRef = 0515893319C9798A004A1E00 /* MediaPlayer.framework */; };
		0515893619C97B91004A1E00 /* Default-568h@2x.png in Resources */ = {isa = PBXBuildFile; fileRef = 0515893519C97B91004A1E00 /* Default-568h@2x.png */; };
		0515893819C97E19004A1E00 /* AVFoundation.framework in Frameworks */ = {isa = PBXBuildFile; fileRef = 0515893719C97E19004A1E00 /* AVFoundation.framework */; };
		0595FA0A1A36FA9100AE7040 /* iPhoneStreamer.m in Sources */ = {isa = PBXBuildFile; fileRef = 05DFC73E15FA47420008E6D8 /* iPhoneStreamer.m */; };
		0595FA0C1A36FBB600AE7040 /* libAudioStreamer.a in Frameworks */ = {isa = PBXBuildFile; fileRef = 4965F2D91824D40700EF8875 /* libAudioStreamer.a */; };
		4965F2FE1824D48A00EF8875 /* AudioStreamer.m in Sources */ = {isa = PBXBuildFile; fileRef = 97B9D008158AD12F0085BC63 /* AudioStreamer.m */; };
		4965F2FF1824D48A00EF8875 /* ASPlaylist.m in Sources */ = {isa = PBXBuildFile; fileRef = FA99E25215E4B6E1005AB6E6 /* ASPlaylist.m */; };
		97B9D009158AD12F0085BC63 /* AudioStreamer.h in Headers */ = {isa = PBXBuildFile; fileRef = 97B9D007158AD12F0085BC63 /* AudioStreamer.h */; settings = {ATTRIBUTES = (Public, ); }; };
		97B9D00A158AD12F0085BC63 /* AudioStreamer.m in Sources */ = {isa = PBXBuildFile; fileRef = 97B9D008158AD12F0085BC63 /* AudioStreamer.m */; };
		97B9D00E158AD1DF0085BC63 /* AudioToolbox.framework in Frameworks */ = {isa = PBXBuildFile; fileRef = 97B9D00C158AD16C0085BC63 /* AudioToolbox.framework */; };
		97B9D01B158AD5190085BC63 /* Cocoa.framework in Frameworks */ = {isa = PBXBuildFile; fileRef = 97B9CFE4158AD09B0085BC63 /* Cocoa.framework */; };
		97B9D03E158AD5880085BC63 /* MacStreamingPlayerController.m in Sources */ = {isa = PBXBuildFile; fileRef = 97B9D037158AD53B0085BC63 /* MacStreamingPlayerController.m */; };
		97B9D044158AD63D0085BC63 /* main.m in Sources */ = {isa = PBXBuildFile; fileRef = 97B9D042158AD6300085BC63 /* main.m */; };
		97B9D048158AD69A0085BC63 /* Quartz.framework in Frameworks */ = {isa = PBXBuildFile; fileRef = 97B9D047158AD69A0085BC63 /* Quartz.framework */; };
		97B9D04F158AD6DD0085BC63 /* InfoPlist.strings in Resources */ = {isa = PBXBuildFile; fileRef = 97B9D04B158AD6DD0085BC63 /* InfoPlist.strings */; };
		97B9D050158AD6DD0085BC63 /* MainMenu.xib in Resources */ = {isa = PBXBuildFile; fileRef = 97B9D04D158AD6DD0085BC63 /* MainMenu.xib */; };
		97B9D055158AD7470085BC63 /* loadingbutton.png in Resources */ = {isa = PBXBuildFile; fileRef = 97B9D051158AD7470085BC63 /* loadingbutton.png */; };
		97B9D056158AD7470085BC63 /* pausebutton.png in Resources */ = {isa = PBXBuildFile; fileRef = 97B9D052158AD7470085BC63 /* pausebutton.png */; };
		97B9D057158AD7470085BC63 /* playbutton.png in Resources */ = {isa = PBXBuildFile; fileRef = 97B9D053158AD7470085BC63 /* playbutton.png */; };
		97B9D058158AD7470085BC63 /* stopbutton.png in Resources */ = {isa = PBXBuildFile; fileRef = 97B9D054158AD7470085BC63 /* stopbutton.png */; };
		97B9D05D158AD8F60085BC63 /* AudioStreamer.framework in Frameworks */ = {isa = PBXBuildFile; fileRef = 97B9CFE1158AD09B0085BC63 /* AudioStreamer.framework */; };
		97B9D05F158AD9300085BC63 /* AudioStreamer.framework in CopyFiles */ = {isa = PBXBuildFile; fileRef = 97B9CFE1158AD09B0085BC63 /* AudioStreamer.framework */; settings = {ATTRIBUTES = (CodeSignOnCopy, ); }; };
		97B9D08A158ADDB20085BC63 /* main.m in Sources */ = {isa = PBXBuildFile; fileRef = 97B9D042158AD6300085BC63 /* main.m */; };
		97B9D08B158ADDBA0085BC63 /* iPhoneStreamingPlayerAppDelegate.m in Sources */ = {isa = PBXBuildFile; fileRef = 97B9D033158AD53B0085BC63 /* iPhoneStreamingPlayerAppDelegate.m */; };
		97B9D08C158ADDBA0085BC63 /* iPhoneStreamingPlayerViewController.m in Sources */ = {isa = PBXBuildFile; fileRef = 97B9D035158AD53B0085BC63 /* iPhoneStreamingPlayerViewController.m */; };
		97B9D08E158ADDD00085BC63 /* iPhoneStreamingPlayerViewController.xib in Resources */ = {isa = PBXBuildFile; fileRef = 97B9D061158ADD6C0085BC63 /* iPhoneStreamingPlayerViewController.xib */; };
		97B9D08F158ADDD00085BC63 /* MainWindow.xib in Resources */ = {isa = PBXBuildFile; fileRef = 97B9D062158ADD6C0085BC63 /* MainWindow.xib */; };
		97B9D090158ADDD00085BC63 /* loadingbutton.png in Resources */ = {isa = PBXBuildFile; fileRef = 97B9D051158AD7470085BC63 /* loadingbutton.png */; };
		97B9D091158ADDD00085BC63 /* pausebutton.png in Resources */ = {isa = PBXBuildFile; fileRef = 97B9D052158AD7470085BC63 /* pausebutton.png */; };
		97B9D092158ADDD00085BC63 /* playbutton.png in Resources */ = {isa = PBXBuildFile; fileRef = 97B9D053158AD7470085BC63 /* playbutton.png */; };
		97B9D093158ADDD00085BC63 /* stopbutton.png in Resources */ = {isa = PBXBuildFile; fileRef = 97B9D054158AD7470085BC63 /* stopbutton.png */; };
		97E48C08158AF6BB007288FB /* UIKit.framework in Frameworks */ = {isa = PBXBuildFile; fileRef = 97E48C07158AF6BB007288FB /* UIKit.framework */; };
		97E48C13158AF926007288FB /* Foundation.framework in Frameworks */ = {isa = PBXBuildFile; fileRef = 97E48C12158AF926007288FB /* Foundation.framework */; };
		97E48C15158AF929007288FB /* AudioToolbox.framework in Frameworks */ = {isa = PBXBuildFile; fileRef = 97E48C14158AF929007288FB /* AudioToolbox.framework */; };
		97E48C22158AFC6C007288FB /* QuartzCore.framework in Frameworks */ = {isa = PBXBuildFile; fileRef = 97E48C21158AFC6C007288FB /* QuartzCore.framework */; };
		97E48C29158AFD26007288FB /* CoreServices.framework in Frameworks */ = {isa = PBXBuildFile; fileRef = 97E48C0F158AF8D1007288FB /* CoreServices.framework */; };
		97E48C2A158AFD32007288FB /* Foundation.framework in Frameworks */ = {isa = PBXBuildFile; fileRef = 97E48C0A158AF89A007288FB /* Foundation.framework */; };
		FA99E25315E4B6E1005AB6E6 /* ASPlaylist.h in Headers */ = {isa = PBXBuildFile; fileRef = FA99E25115E4B6E1005AB6E6 /* ASPlaylist.h */; settings = {ATTRIBUTES = (Public, ); }; };
		FA99E25415E4B6E1005AB6E6 /* ASPlaylist.m in Sources */ = {isa = PBXBuildFile; fileRef = FA99E25215E4B6E1005AB6E6 /* ASPlaylist.m */; };
/* End PBXBuildFile section */

/* Begin PBXContainerItemProxy section */
		97B9D040158AD5A50085BC63 /* PBXContainerItemProxy */ = {
			isa = PBXContainerItemProxy;
			containerPortal = 973BB664158AD07000A7D459 /* Project object */;
			proxyType = 1;
			remoteGlobalIDString = 97B9CFE0158AD09B0085BC63;
			remoteInfo = AudioStreamer;
		};
/* End PBXContainerItemProxy section */

/* Begin PBXCopyFilesBuildPhase section */
		4965F2D71824D40700EF8875 /* CopyFiles */ = {
			isa = PBXCopyFilesBuildPhase;
			buildActionMask = 2147483647;
			dstPath = "include/$(PRODUCT_NAME)";
			dstSubfolderSpec = 16;
			files = (
			);
			runOnlyForDeploymentPostprocessing = 0;
		};
		97B9D05E158AD9250085BC63 /* CopyFiles */ = {
			isa = PBXCopyFilesBuildPhase;
			buildActionMask = 2147483647;
			dstPath = "";
			dstSubfolderSpec = 10;
			files = (
				97B9D05F158AD9300085BC63 /* AudioStreamer.framework in CopyFiles */,
			);
			runOnlyForDeploymentPostprocessing = 0;
		};
/* End PBXCopyFilesBuildPhase section */

/* Begin PBXFileReference section */
		0515892C19C97761004A1E00 /* CFNetwork.framework */ = {isa = PBXFileReference; lastKnownFileType = wrapper.framework; name = CFNetwork.framework; path = Platforms/iPhoneOS.platform/Developer/SDKs/iPhoneOS.sdk/System/Library/Frameworks/CFNetwork.framework; sourceTree = DEVELOPER_DIR; };
		0515893319C9798A004A1E00 /* MediaPlayer.framework */ = {isa = PBXFileReference; lastKnownFileType = wrapper.framework; name = MediaPlayer.framework; path = Platforms/iPhoneOS.platform/Developer/SDKs/iPhoneOS.sdk/System/Library/Frameworks/MediaPlayer.framework; sourceTree = DEVELOPER_DIR; };
		0515893519C97B91004A1E00 /* Default-568h@2x.png */ = {isa = PBXFileReference; lastKnownFileType = image.png; path = "Default-568h@2x.png"; sourceTree = "<group>"; };
		0515893719C97E19004A1E00 /* AVFoundation.framework */ = {isa = PBXFileReference; lastKnownFileType = wrapper.framework; name = AVFoundation.framework; path = Platforms/iPhoneOS.platform/Developer/SDKs/iPhoneOS.sdk/System/Library/Frameworks/AVFoundation.framework; sourceTree = DEVELOPER_DIR; };
		05DFC73D15FA47420008E6D8 /* iPhoneStreamer.h */ = {isa = PBXFileReference; fileEncoding = 4; lastKnownFileType = sourcecode.c.h; path = iPhoneStreamer.h; sourceTree = "<group>"; };
		05DFC73E15FA47420008E6D8 /* iPhoneStreamer.m */ = {isa = PBXFileReference; fileEncoding = 4; lastKnownFileType = sourcecode.c.objc; path = iPhoneStreamer.m; sourceTree = "<group>"; };
		4965F2D91824D40700EF8875 /* libAudioStreamer.a */ = {isa = PBXFileReference; explicitFileType = archive.ar; includeInIndex = 0; path = libAudioStreamer.a; sourceTree = BUILT_PRODUCTS_DIR; };
		97B9CFE1158AD09B0085BC63 /* AudioStreamer.framework */ = {isa = PBXFileReference; explicitFileType = wrapper.framework; includeInIndex = 0; path = AudioStreamer.framework; sourceTree = BUILT_PRODUCTS_DIR; };
		97B9CFE4158AD09B0085BC63 /* Cocoa.framework */ = {isa = PBXFileReference; lastKnownFileType = wrapper.framework; name = Cocoa.framework; path = System/Library/Frameworks/Cocoa.framework; sourceTree = SDKROOT; };
		97B9D007158AD12F0085BC63 /* AudioStreamer.h */ = {isa = PBXFileReference; fileEncoding = 4; indentWidth = 2; lastKnownFileType = sourcecode.c.h; path = AudioStreamer.h; sourceTree = "<group>"; tabWidth = 2; };
		97B9D008158AD12F0085BC63 /* AudioStreamer.m */ = {isa = PBXFileReference; fileEncoding = 4; indentWidth = 2; lastKnownFileType = sourcecode.c.objc; path = AudioStreamer.m; sourceTree = "<group>"; tabWidth = 2; };
		97B9D00C158AD16C0085BC63 /* AudioToolbox.framework */ = {isa = PBXFileReference; lastKnownFileType = wrapper.framework; name = AudioToolbox.framework; path = System/Library/Frameworks/AudioToolbox.framework; sourceTree = SDKROOT; };
		97B9D019158AD5190085BC63 /* Mac Streaming Player.app */ = {isa = PBXFileReference; explicitFileType = wrapper.application; includeInIndex = 0; path = "Mac Streaming Player.app"; sourceTree = BUILT_PRODUCTS_DIR; };
		97B9D032158AD53B0085BC63 /* iPhoneStreamingPlayerAppDelegate.h */ = {isa = PBXFileReference; fileEncoding = 4; lastKnownFileType = sourcecode.c.h; path = iPhoneStreamingPlayerAppDelegate.h; sourceTree = "<group>"; usesTabs = 1; };
		97B9D033158AD53B0085BC63 /* iPhoneStreamingPlayerAppDelegate.m */ = {isa = PBXFileReference; fileEncoding = 4; lastKnownFileType = sourcecode.c.objc; path = iPhoneStreamingPlayerAppDelegate.m; sourceTree = "<group>"; usesTabs = 1; };
		97B9D034158AD53B0085BC63 /* iPhoneStreamingPlayerViewController.h */ = {isa = PBXFileReference; fileEncoding = 4; lastKnownFileType = sourcecode.c.h; path = iPhoneStreamingPlayerViewController.h; sourceTree = "<group>"; usesTabs = 1; };
		97B9D035158AD53B0085BC63 /* iPhoneStreamingPlayerViewController.m */ = {isa = PBXFileReference; fileEncoding = 4; lastKnownFileType = sourcecode.c.objc; path = iPhoneStreamingPlayerViewController.m; sourceTree = "<group>"; usesTabs = 1; };
		97B9D036158AD53B0085BC63 /* MacStreamingPlayerController.h */ = {isa = PBXFileReference; fileEncoding = 4; lastKnownFileType = sourcecode.c.h; path = MacStreamingPlayerController.h; sourceTree = "<group>"; usesTabs = 1; };
		97B9D037158AD53B0085BC63 /* MacStreamingPlayerController.m */ = {isa = PBXFileReference; fileEncoding = 4; lastKnownFileType = sourcecode.c.objc; path = MacStreamingPlayerController.m; sourceTree = "<group>"; usesTabs = 1; };
		97B9D042158AD6300085BC63 /* main.m */ = {isa = PBXFileReference; fileEncoding = 4; lastKnownFileType = sourcecode.c.objc; path = main.m; sourceTree = SOURCE_ROOT; };
		97B9D047158AD69A0085BC63 /* Quartz.framework */ = {isa = PBXFileReference; lastKnownFileType = wrapper.framework; name = Quartz.framework; path = System/Library/Frameworks/Quartz.framework; sourceTree = SDKROOT; };
		97B9D04C158AD6DD0085BC63 /* English */ = {isa = PBXFileReference; lastKnownFileType = text.plist.strings; name = English; path = English.lproj/InfoPlist.strings; sourceTree = "<group>"; };
		97B9D04E158AD6DD0085BC63 /* English */ = {isa = PBXFileReference; lastKnownFileType = file.xib; name = English; path = English.lproj/MainMenu.xib; sourceTree = "<group>"; };
		97B9D051158AD7470085BC63 /* loadingbutton.png */ = {isa = PBXFileReference; lastKnownFileType = image.png; path = loadingbutton.png; sourceTree = "<group>"; };
		97B9D052158AD7470085BC63 /* pausebutton.png */ = {isa = PBXFileReference; lastKnownFileType = image.png; path = pausebutton.png; sourceTree = "<group>"; };
		97B9D053158AD7470085BC63 /* playbutton.png */ = {isa = PBXFileReference; lastKnownFileType = image.png; path = playbutton.png; sourceTree = "<group>"; };
		97B9D054158AD7470085BC63 /* stopbutton.png */ = {isa = PBXFileReference; lastKnownFileType = image.png; path = stopbutton.png; sourceTree = "<group>"; };
		97B9D05B158AD7D40085BC63 /* MacInfo.plist */ = {isa = PBXFileReference; fileEncoding = 4; lastKnownFileType = text.plist.xml; path = MacInfo.plist; sourceTree = "<group>"; };
		97B9D061158ADD6C0085BC63 /* iPhoneStreamingPlayerViewController.xib */ = {isa = PBXFileReference; lastKnownFileType = file.xib; path = iPhoneStreamingPlayerViewController.xib; sourceTree = "<group>"; };
		97B9D062158ADD6C0085BC63 /* MainWindow.xib */ = {isa = PBXFileReference; lastKnownFileType = file.xib; path = MainWindow.xib; sourceTree = "<group>"; };
		97B9D067158ADD910085BC63 /* iPhone Streaming Player.app */ = {isa = PBXFileReference; explicitFileType = wrapper.application; includeInIndex = 0; path = "iPhone Streaming Player.app"; sourceTree = BUILT_PRODUCTS_DIR; };
		97E48C07158AF6BB007288FB /* UIKit.framework */ = {isa = PBXFileReference; lastKnownFileType = wrapper.framework; name = UIKit.framework; path = Platforms/iPhoneOS.platform/Developer/SDKs/iPhoneOS.sdk/System/Library/Frameworks/UIKit.framework; sourceTree = DEVELOPER_DIR; };
		97E48C0A158AF89A007288FB /* Foundation.framework */ = {isa = PBXFileReference; lastKnownFileType = wrapper.framework; name = Foundation.framework; path = System/Library/Frameworks/Foundation.framework; sourceTree = SDKROOT; };
		97E48C0F158AF8D1007288FB /* CoreServices.framework */ = {isa = PBXFileReference; lastKnownFileType = wrapper.framework; name = CoreServices.framework; path = System/Library/Frameworks/CoreServices.framework; sourceTree = SDKROOT; };
		97E48C12158AF926007288FB /* Foundation.framework */ = {isa = PBXFileReference; lastKnownFileType = wrapper.framework; name = Foundation.framework; path = Platforms/iPhoneOS.platform/Developer/SDKs/iPhoneOS.sdk/System/Library/Frameworks/Foundation.framework; sourceTree = DEVELOPER_DIR; };
		97E48C14158AF929007288FB /* AudioToolbox.framework */ = {isa = PBXFileReference; lastKnownFileType = wrapper.framework; name = AudioToolbox.framework; path = Platforms/iPhoneOS.platform/Developer/SDKs/iPhoneOS.sdk/System/Library/Frameworks/AudioToolbox.framework; sourceTree = DEVELOPER_DIR; };
		97E48C16158AF938007288FB /* MobileCoreServices.framework */ = {isa = PBXFileReference; lastKnownFileType = wrapper.framework; name = MobileCoreServices.framework; path = Platforms/iPhoneOS.platform/Developer/SDKs/iPhoneOS.sdk/System/Library/Frameworks/MobileCoreServices.framework; sourceTree = DEVELOPER_DIR; };
		97E48C21158AFC6C007288FB /* QuartzCore.framework */ = {isa = PBXFileReference; lastKnownFileType = wrapper.framework; name = QuartzCore.framework; path = Platforms/iPhoneOS.platform/Developer/SDKs/iPhoneOS.sdk/System/Library/Frameworks/QuartzCore.framework; sourceTree = DEVELOPER_DIR; };
		97E48C23158AFC77007288FB /* CoreMedia.framework */ = {isa = PBXFileReference; lastKnownFileType = wrapper.framework; name = CoreMedia.framework; path = Platforms/iPhoneOS.platform/Developer/SDKs/iPhoneOS.sdk/System/Library/Frameworks/CoreMedia.framework; sourceTree = DEVELOPER_DIR; };
		FA99E25115E4B6E1005AB6E6 /* ASPlaylist.h */ = {isa = PBXFileReference; fileEncoding = 4; indentWidth = 2; lastKnownFileType = sourcecode.c.h; path = ASPlaylist.h; sourceTree = "<group>"; tabWidth = 2; };
		FA99E25215E4B6E1005AB6E6 /* ASPlaylist.m */ = {isa = PBXFileReference; fileEncoding = 4; indentWidth = 2; lastKnownFileType = sourcecode.c.objc; path = ASPlaylist.m; sourceTree = "<group>"; tabWidth = 2; };
/* End PBXFileReference section */

/* Begin PBXFrameworksBuildPhase section */
		4965F2D61824D40700EF8875 /* Frameworks */ = {
			isa = PBXFrameworksBuildPhase;
			buildActionMask = 2147483647;
			files = (
			);
			runOnlyForDeploymentPostprocessing = 0;
		};
		97B9CFDD158AD09B0085BC63 /* Frameworks */ = {
			isa = PBXFrameworksBuildPhase;
			buildActionMask = 2147483647;
			files = (
				97E48C2A158AFD32007288FB /* Foundation.framework in Frameworks */,
				97E48C29158AFD26007288FB /* CoreServices.framework in Frameworks */,
				97B9D00E158AD1DF0085BC63 /* AudioToolbox.framework in Frameworks */,
			);
			runOnlyForDeploymentPostprocessing = 0;
		};
		97B9D016158AD5190085BC63 /* Frameworks */ = {
			isa = PBXFrameworksBuildPhase;
			buildActionMask = 2147483647;
			files = (
				97B9D01B158AD5190085BC63 /* Cocoa.framework in Frameworks */,
				97B9D048158AD69A0085BC63 /* Quartz.framework in Frameworks */,
				97B9D05D158AD8F60085BC63 /* AudioStreamer.framework in Frameworks */,
			);
			runOnlyForDeploymentPostprocessing = 0;
		};
		97B9D064158ADD910085BC63 /* Frameworks */ = {
			isa = PBXFrameworksBuildPhase;
			buildActionMask = 2147483647;
			files = (
				0595FA0C1A36FBB600AE7040 /* libAudioStreamer.a in Frameworks */,
				0515893819C97E19004A1E00 /* AVFoundation.framework in Frameworks */,
				0515893419C9798A004A1E00 /* MediaPlayer.framework in Frameworks */,
				97E48C22158AFC6C007288FB /* QuartzCore.framework in Frameworks */,
				0515892D19C97761004A1E00 /* CFNetwork.framework in Frameworks */,
				97E48C15158AF929007288FB /* AudioToolbox.framework in Frameworks */,
				97E48C13158AF926007288FB /* Foundation.framework in Frameworks */,
				97E48C08158AF6BB007288FB /* UIKit.framework in Frameworks */,
			);
			runOnlyForDeploymentPostprocessing = 0;
		};
/* End PBXFrameworksBuildPhase section */

/* Begin PBXGroup section */
		973BB662158AD07000A7D459 = {
			isa = PBXGroup;
			children = (
				97B9D031158AD53B0085BC63 /* Classes */,
				97B9CFEA158AD09B0085BC63 /* AudioStreamer */,
				97B9CFE3158AD09B0085BC63 /* Frameworks */,
				97B9CFE2158AD09B0085BC63 /* Products */,
				97B9D049158AD6DD0085BC63 /* Resources */,
			);
			sourceTree = "<group>";
		};
		97B9CFE2158AD09B0085BC63 /* Products */ = {
			isa = PBXGroup;
			children = (
				97B9CFE1158AD09B0085BC63 /* AudioStreamer.framework */,
				97B9D019158AD5190085BC63 /* Mac Streaming Player.app */,
				97B9D067158ADD910085BC63 /* iPhone Streaming Player.app */,
				4965F2D91824D40700EF8875 /* libAudioStreamer.a */,
			);
			name = Products;
			sourceTree = "<group>";
		};
		97B9CFE3158AD09B0085BC63 /* Frameworks */ = {
			isa = PBXGroup;
			children = (
				97E48C09158AF6BF007288FB /* iPhone Frameworks */,
				97E48C04158AF693007288FB /* Mac Frameworks */,
			);
			name = Frameworks;
			sourceTree = "<group>";
		};
		97B9CFEA158AD09B0085BC63 /* AudioStreamer */ = {
			isa = PBXGroup;
			children = (
				97B9D007158AD12F0085BC63 /* AudioStreamer.h */,
				97B9D008158AD12F0085BC63 /* AudioStreamer.m */,
				FA99E25115E4B6E1005AB6E6 /* ASPlaylist.h */,
				FA99E25215E4B6E1005AB6E6 /* ASPlaylist.m */,
				05DFC73D15FA47420008E6D8 /* iPhoneStreamer.h */,
				05DFC73E15FA47420008E6D8 /* iPhoneStreamer.m */,
			);
			path = AudioStreamer;
			sourceTree = "<group>";
		};
		97B9D031158AD53B0085BC63 /* Classes */ = {
			isa = PBXGroup;
			children = (
				97B9D042158AD6300085BC63 /* main.m */,
				97B9D032158AD53B0085BC63 /* iPhoneStreamingPlayerAppDelegate.h */,
				97B9D033158AD53B0085BC63 /* iPhoneStreamingPlayerAppDelegate.m */,
				97B9D034158AD53B0085BC63 /* iPhoneStreamingPlayerViewController.h */,
				97B9D035158AD53B0085BC63 /* iPhoneStreamingPlayerViewController.m */,
				97B9D036158AD53B0085BC63 /* MacStreamingPlayerController.h */,
				97B9D037158AD53B0085BC63 /* MacStreamingPlayerController.m */,
			);
			path = Classes;
			sourceTree = "<group>";
		};
		97B9D049158AD6DD0085BC63 /* Resources */ = {
			isa = PBXGroup;
			children = (
				97B9D060158ADD6C0085BC63 /* iPhone */,
				97B9D051158AD7470085BC63 /* loadingbutton.png */,
				97B9D052158AD7470085BC63 /* pausebutton.png */,
				97B9D053158AD7470085BC63 /* playbutton.png */,
				97B9D054158AD7470085BC63 /* stopbutton.png */,
				97B9D04A158AD6DD0085BC63 /* Mac */,
			);
			path = Resources;
			sourceTree = "<group>";
		};
		97B9D04A158AD6DD0085BC63 /* Mac */ = {
			isa = PBXGroup;
			children = (
				97B9D05B158AD7D40085BC63 /* MacInfo.plist */,
				97B9D04B158AD6DD0085BC63 /* InfoPlist.strings */,
				97B9D04D158AD6DD0085BC63 /* MainMenu.xib */,
			);
			path = Mac;
			sourceTree = "<group>";
		};
		97B9D060158ADD6C0085BC63 /* iPhone */ = {
			isa = PBXGroup;
			children = (
				0515893519C97B91004A1E00 /* Default-568h@2x.png */,
				97B9D061158ADD6C0085BC63 /* iPhoneStreamingPlayerViewController.xib */,
				97B9D062158ADD6C0085BC63 /* MainWindow.xib */,
			);
			path = iPhone;
			sourceTree = "<group>";
		};
		97E48C04158AF693007288FB /* Mac Frameworks */ = {
			isa = PBXGroup;
			children = (
				97E48C0F158AF8D1007288FB /* CoreServices.framework */,
				97E48C0A158AF89A007288FB /* Foundation.framework */,
				97B9D00C158AD16C0085BC63 /* AudioToolbox.framework */,
				97B9D047158AD69A0085BC63 /* Quartz.framework */,
				97B9CFE4158AD09B0085BC63 /* Cocoa.framework */,
			);
			name = "Mac Frameworks";
			sourceTree = "<group>";
		};
		97E48C09158AF6BF007288FB /* iPhone Frameworks */ = {
			isa = PBXGroup;
			children = (
				0515893719C97E19004A1E00 /* AVFoundation.framework */,
				0515893319C9798A004A1E00 /* MediaPlayer.framework */,
				97E48C23158AFC77007288FB /* CoreMedia.framework */,
				0515892C19C97761004A1E00 /* CFNetwork.framework */,
				97E48C21158AFC6C007288FB /* QuartzCore.framework */,
				97E48C16158AF938007288FB /* MobileCoreServices.framework */,
				97E48C14158AF929007288FB /* AudioToolbox.framework */,
				97E48C12158AF926007288FB /* Foundation.framework */,
				97E48C07158AF6BB007288FB /* UIKit.framework */,
			);
			name = "iPhone Frameworks";
			sourceTree = "<group>";
		};
/* End PBXGroup section */

/* Begin PBXHeadersBuildPhase section */
		97B9CFDE158AD09B0085BC63 /* Headers */ = {
			isa = PBXHeadersBuildPhase;
			buildActionMask = 2147483647;
			files = (
				97B9D009158AD12F0085BC63 /* AudioStreamer.h in Headers */,
				FA99E25315E4B6E1005AB6E6 /* ASPlaylist.h in Headers */,
			);
			runOnlyForDeploymentPostprocessing = 0;
		};
/* End PBXHeadersBuildPhase section */

/* Begin PBXNativeTarget section */
		4965F2D81824D40700EF8875 /* libAudioStreamer */ = {
			isa = PBXNativeTarget;
			buildConfigurationList = 4965F2FC1824D40800EF8875 /* Build configuration list for PBXNativeTarget "libAudioStreamer" */;
			buildPhases = (
				4965F2D51824D40700EF8875 /* Sources */,
				4965F2D61824D40700EF8875 /* Frameworks */,
				4965F2D71824D40700EF8875 /* CopyFiles */,
			);
			buildRules = (
			);
			dependencies = (
			);
			name = libAudioStreamer;
			productName = libAudioStreamer;
			productReference = 4965F2D91824D40700EF8875 /* libAudioStreamer.a */;
			productType = "com.apple.product-type.library.static";
		};
		97B9CFE0158AD09B0085BC63 /* AudioStreamer */ = {
			isa = PBXNativeTarget;
			buildConfigurationList = 97B9CFF6158AD09B0085BC63 /* Build configuration list for PBXNativeTarget "AudioStreamer" */;
			buildPhases = (
				97B9CFDC158AD09B0085BC63 /* Sources */,
				97B9CFDD158AD09B0085BC63 /* Frameworks */,
				97B9CFDE158AD09B0085BC63 /* Headers */,
				97B9CFDF158AD09B0085BC63 /* Resources */,
			);
			buildRules = (
			);
			dependencies = (
			);
			name = AudioStreamer;
			productName = AudioStreamer;
			productReference = 97B9CFE1158AD09B0085BC63 /* AudioStreamer.framework */;
			productType = "com.apple.product-type.framework";
		};
		97B9D018158AD5190085BC63 /* Mac Streaming Player */ = {
			isa = PBXNativeTarget;
			buildConfigurationList = 97B9D02E158AD5190085BC63 /* Build configuration list for PBXNativeTarget "Mac Streaming Player" */;
			buildPhases = (
				97B9D015158AD5190085BC63 /* Sources */,
				97B9D016158AD5190085BC63 /* Frameworks */,
				97B9D017158AD5190085BC63 /* Resources */,
				97B9D05E158AD9250085BC63 /* CopyFiles */,
			);
			buildRules = (
			);
			dependencies = (
				97B9D041158AD5A50085BC63 /* PBXTargetDependency */,
			);
			name = "Mac Streaming Player";
			productName = "Mac Streaming Player";
			productReference = 97B9D019158AD5190085BC63 /* Mac Streaming Player.app */;
			productType = "com.apple.product-type.application";
		};
		97B9D066158ADD910085BC63 /* iPhone Streaming Player */ = {
			isa = PBXNativeTarget;
			buildConfigurationList = 97B9D087158ADD910085BC63 /* Build configuration list for PBXNativeTarget "iPhone Streaming Player" */;
			buildPhases = (
				97B9D063158ADD910085BC63 /* Sources */,
				97B9D064158ADD910085BC63 /* Frameworks */,
				97B9D065158ADD910085BC63 /* Resources */,
			);
			buildRules = (
			);
			dependencies = (
			);
			name = "iPhone Streaming Player";
			productName = "iPhone Streaming Player";
			productReference = 97B9D067158ADD910085BC63 /* iPhone Streaming Player.app */;
			productType = "com.apple.product-type.application";
		};
/* End PBXNativeTarget section */

/* Begin PBXProject section */
		973BB664158AD07000A7D459 /* Project object */ = {
			isa = PBXProject;
			attributes = {
				LastUpgradeCheck = 0600;
			};
			buildConfigurationList = 973BB667158AD07000A7D459 /* Build configuration list for PBXProject "AudioStreamer" */;
			compatibilityVersion = "Xcode 3.2";
			developmentRegion = English;
			hasScannedForEncodings = 0;
			knownRegions = (
				en,
				English,
			);
			mainGroup = 973BB662158AD07000A7D459;
			productRefGroup = 97B9CFE2158AD09B0085BC63 /* Products */;
			projectDirPath = "";
			projectRoot = "";
			targets = (
				97B9CFE0158AD09B0085BC63 /* AudioStreamer */,
				97B9D018158AD5190085BC63 /* Mac Streaming Player */,
				97B9D066158ADD910085BC63 /* iPhone Streaming Player */,
				4965F2D81824D40700EF8875 /* libAudioStreamer */,
			);
		};
/* End PBXProject section */

/* Begin PBXResourcesBuildPhase section */
		97B9CFDF158AD09B0085BC63 /* Resources */ = {
			isa = PBXResourcesBuildPhase;
			buildActionMask = 2147483647;
			files = (
			);
			runOnlyForDeploymentPostprocessing = 0;
		};
		97B9D017158AD5190085BC63 /* Resources */ = {
			isa = PBXResourcesBuildPhase;
			buildActionMask = 2147483647;
			files = (
				97B9D04F158AD6DD0085BC63 /* InfoPlist.strings in Resources */,
				97B9D050158AD6DD0085BC63 /* MainMenu.xib in Resources */,
				97B9D055158AD7470085BC63 /* loadingbutton.png in Resources */,
				97B9D056158AD7470085BC63 /* pausebutton.png in Resources */,
				97B9D057158AD7470085BC63 /* playbutton.png in Resources */,
				97B9D058158AD7470085BC63 /* stopbutton.png in Resources */,
			);
			runOnlyForDeploymentPostprocessing = 0;
		};
		97B9D065158ADD910085BC63 /* Resources */ = {
			isa = PBXResourcesBuildPhase;
			buildActionMask = 2147483647;
			files = (
				97B9D08E158ADDD00085BC63 /* iPhoneStreamingPlayerViewController.xib in Resources */,
				97B9D08F158ADDD00085BC63 /* MainWindow.xib in Resources */,
				97B9D090158ADDD00085BC63 /* loadingbutton.png in Resources */,
				97B9D091158ADDD00085BC63 /* pausebutton.png in Resources */,
				97B9D092158ADDD00085BC63 /* playbutton.png in Resources */,
				0515893619C97B91004A1E00 /* Default-568h@2x.png in Resources */,
				97B9D093158ADDD00085BC63 /* stopbutton.png in Resources */,
			);
			runOnlyForDeploymentPostprocessing = 0;
		};
/* End PBXResourcesBuildPhase section */

/* Begin PBXSourcesBuildPhase section */
		4965F2D51824D40700EF8875 /* Sources */ = {
			isa = PBXSourcesBuildPhase;
			buildActionMask = 2147483647;
			files = (
				0595FA0A1A36FA9100AE7040 /* iPhoneStreamer.m in Sources */,
				4965F2FE1824D48A00EF8875 /* AudioStreamer.m in Sources */,
				4965F2FF1824D48A00EF8875 /* ASPlaylist.m in Sources */,
			);
			runOnlyForDeploymentPostprocessing = 0;
		};
		97B9CFDC158AD09B0085BC63 /* Sources */ = {
			isa = PBXSourcesBuildPhase;
			buildActionMask = 2147483647;
			files = (
				97B9D00A158AD12F0085BC63 /* AudioStreamer.m in Sources */,
				FA99E25415E4B6E1005AB6E6 /* ASPlaylist.m in Sources */,
			);
			runOnlyForDeploymentPostprocessing = 0;
		};
		97B9D015158AD5190085BC63 /* Sources */ = {
			isa = PBXSourcesBuildPhase;
			buildActionMask = 2147483647;
			files = (
				97B9D044158AD63D0085BC63 /* main.m in Sources */,
				97B9D03E158AD5880085BC63 /* MacStreamingPlayerController.m in Sources */,
			);
			runOnlyForDeploymentPostprocessing = 0;
		};
		97B9D063158ADD910085BC63 /* Sources */ = {
			isa = PBXSourcesBuildPhase;
			buildActionMask = 2147483647;
			files = (
				97B9D08B158ADDBA0085BC63 /* iPhoneStreamingPlayerAppDelegate.m in Sources */,
				97B9D08C158ADDBA0085BC63 /* iPhoneStreamingPlayerViewController.m in Sources */,
				97B9D08A158ADDB20085BC63 /* main.m in Sources */,
			);
			runOnlyForDeploymentPostprocessing = 0;
		};
/* End PBXSourcesBuildPhase section */

/* Begin PBXTargetDependency section */
		97B9D041158AD5A50085BC63 /* PBXTargetDependency */ = {
			isa = PBXTargetDependency;
			target = 97B9CFE0158AD09B0085BC63 /* AudioStreamer */;
			targetProxy = 97B9D040158AD5A50085BC63 /* PBXContainerItemProxy */;
		};
/* End PBXTargetDependency section */

/* Begin PBXVariantGroup section */
		97B9D04B158AD6DD0085BC63 /* InfoPlist.strings */ = {
			isa = PBXVariantGroup;
			children = (
				97B9D04C158AD6DD0085BC63 /* English */,
			);
			name = InfoPlist.strings;
			sourceTree = "<group>";
		};
		97B9D04D158AD6DD0085BC63 /* MainMenu.xib */ = {
			isa = PBXVariantGroup;
			children = (
				97B9D04E158AD6DD0085BC63 /* English */,
			);
			name = MainMenu.xib;
			sourceTree = "<group>";
		};
/* End PBXVariantGroup section */

/* Begin XCBuildConfiguration section */
		4965F2F81824D40800EF8875 /* Debug */ = {
			isa = XCBuildConfiguration;
			buildSettings = {
				ALWAYS_SEARCH_USER_PATHS = NO;
				CLANG_CXX_LANGUAGE_STANDARD = "gnu++0x";
				CLANG_CXX_LIBRARY = "libc++";
				CLANG_ENABLE_MODULES = YES;
				CLANG_WARN_BOOL_CONVERSION = YES;
				CLANG_WARN_CONSTANT_CONVERSION = YES;
				CLANG_WARN_DIRECT_OBJC_ISA_USAGE = YES_ERROR;
				CLANG_WARN_EMPTY_BODY = YES;
				CLANG_WARN_ENUM_CONVERSION = YES;
				CLANG_WARN_INT_CONVERSION = YES;
				CLANG_WARN_OBJC_ROOT_CLASS = YES_ERROR;
				CLANG_WARN__DUPLICATE_METHOD_MATCH = YES;
				COPY_PHASE_STRIP = NO;
				DSTROOT = /tmp/libAudioStreamer.dst;
				GCC_C_LANGUAGE_STANDARD = gnu99;
				GCC_DYNAMIC_NO_PIC = NO;
				GCC_OPTIMIZATION_LEVEL = 0;
				GCC_PRECOMPILE_PREFIX_HEADER = NO;
				GCC_PREFIX_HEADER = "";
				GCC_PREPROCESSOR_DEFINITIONS = (
					"DEBUG=1",
					"$(inherited)",
				);
				GCC_SYMBOLS_PRIVATE_EXTERN = NO;
				GCC_WARN_64_TO_32_BIT_CONVERSION = YES;
				GCC_WARN_ABOUT_RETURN_TYPE = YES_ERROR;
				GCC_WARN_UNDECLARED_SELECTOR = YES;
				ONLY_ACTIVE_ARCH = YES;
				OTHER_LDFLAGS = "-ObjC";
				PRODUCT_NAME = AudioStreamer;
				SDKROOT = iphoneos;
				SKIP_INSTALL = YES;
			};
			name = Debug;
		};
		4965F2F91824D40800EF8875 /* Release */ = {
			isa = XCBuildConfiguration;
			buildSettings = {
				ALWAYS_SEARCH_USER_PATHS = NO;
				CLANG_CXX_LANGUAGE_STANDARD = "gnu++0x";
				CLANG_CXX_LIBRARY = "libc++";
				CLANG_ENABLE_MODULES = YES;
				CLANG_WARN_BOOL_CONVERSION = YES;
				CLANG_WARN_CONSTANT_CONVERSION = YES;
				CLANG_WARN_DIRECT_OBJC_ISA_USAGE = YES_ERROR;
				CLANG_WARN_EMPTY_BODY = YES;
				CLANG_WARN_ENUM_CONVERSION = YES;
				CLANG_WARN_INT_CONVERSION = YES;
				CLANG_WARN_OBJC_ROOT_CLASS = YES_ERROR;
				CLANG_WARN__DUPLICATE_METHOD_MATCH = YES;
				COPY_PHASE_STRIP = YES;
				DSTROOT = /tmp/libAudioStreamer.dst;
				ENABLE_NS_ASSERTIONS = NO;
				GCC_C_LANGUAGE_STANDARD = gnu99;
				GCC_PRECOMPILE_PREFIX_HEADER = NO;
				GCC_PREFIX_HEADER = "";
				GCC_WARN_64_TO_32_BIT_CONVERSION = YES;
				GCC_WARN_ABOUT_RETURN_TYPE = YES_ERROR;
				GCC_WARN_UNDECLARED_SELECTOR = YES;
				OTHER_LDFLAGS = "-ObjC";
				PRODUCT_NAME = AudioStreamer;
				SDKROOT = iphoneos;
				SKIP_INSTALL = YES;
				VALIDATE_PRODUCT = YES;
			};
			name = Release;
		};
		973BB669158AD07000A7D459 /* Debug */ = {
			isa = XCBuildConfiguration;
			buildSettings = {
				CLANG_ANALYZER_SECURITY_FLOATLOOPCOUNTER = YES;
				CLANG_ANALYZER_SECURITY_INSECUREAPI_RAND = YES;
				CLANG_ANALYZER_SECURITY_INSECUREAPI_STRCPY = YES;
				CLANG_ENABLE_OBJC_ARC = YES;
				CLANG_WARN_EMPTY_BODY = YES;
				CLANG_WARN_IMPLICIT_SIGN_CONVERSION = YES;
				CLANG_WARN_SUSPICIOUS_IMPLICIT_CONVERSION = YES;
				CLANG_WARN_UNREACHABLE_CODE = YES;
				CLANG_WARN__DUPLICATE_METHOD_MATCH = YES;
				GCC_ENABLE_OBJC_EXCEPTIONS = NO;
				GCC_OPTIMIZATION_LEVEL = 0;
				GCC_TREAT_WARNINGS_AS_ERRORS = YES;
				GCC_WARN_64_TO_32_BIT_CONVERSION = YES;
				GCC_WARN_ABOUT_MISSING_FIELD_INITIALIZERS = YES;
				GCC_WARN_ABOUT_MISSING_NEWLINE = YES;
				GCC_WARN_ABOUT_MISSING_PROTOTYPES = YES;
				GCC_WARN_ABOUT_RETURN_TYPE = YES;
				GCC_WARN_ALLOW_INCOMPLETE_PROTOCOL = NO;
				GCC_WARN_INITIALIZER_NOT_FULLY_BRACKETED = YES;
				GCC_WARN_MULTIPLE_DEFINITION_TYPES_FOR_SELECTOR = YES;
				GCC_WARN_PEDANTIC = NO;
				GCC_WARN_SHADOW = YES;
				GCC_WARN_SIGN_COMPARE = YES;
				GCC_WARN_STRICT_SELECTOR_MATCH = YES;
				GCC_WARN_UNDECLARED_SELECTOR = YES;
				GCC_WARN_UNINITIALIZED_AUTOS = YES;
				GCC_WARN_UNUSED_FUNCTION = YES;
				GCC_WARN_UNUSED_LABEL = YES;
				GCC_WARN_UNUSED_VARIABLE = YES;
				IPHONEOS_DEPLOYMENT_TARGET = 5.1.1;
				MACOSX_DEPLOYMENT_TARGET = 10.6;
				ONLY_ACTIVE_ARCH = YES;
				WARNING_CFLAGS = (
					"-Wextra",
					"-Wall",
					"-Wno-unused-parameter",
				);
			};
			name = Debug;
		};
		973BB66A158AD07000A7D459 /* Release */ = {
			isa = XCBuildConfiguration;
			buildSettings = {
				CLANG_ANALYZER_SECURITY_FLOATLOOPCOUNTER = YES;
				CLANG_ANALYZER_SECURITY_INSECUREAPI_RAND = YES;
				CLANG_ANALYZER_SECURITY_INSECUREAPI_STRCPY = YES;
				CLANG_ENABLE_OBJC_ARC = YES;
				CLANG_WARN_EMPTY_BODY = YES;
				CLANG_WARN_IMPLICIT_SIGN_CONVERSION = YES;
				CLANG_WARN_SUSPICIOUS_IMPLICIT_CONVERSION = YES;
				CLANG_WARN_UNREACHABLE_CODE = YES;
				CLANG_WARN__DUPLICATE_METHOD_MATCH = YES;
				GCC_ENABLE_OBJC_EXCEPTIONS = NO;
				GCC_TREAT_WARNINGS_AS_ERRORS = YES;
				GCC_WARN_64_TO_32_BIT_CONVERSION = YES;
				GCC_WARN_ABOUT_MISSING_FIELD_INITIALIZERS = YES;
				GCC_WARN_ABOUT_MISSING_NEWLINE = YES;
				GCC_WARN_ABOUT_MISSING_PROTOTYPES = YES;
				GCC_WARN_ABOUT_RETURN_TYPE = YES;
				GCC_WARN_ALLOW_INCOMPLETE_PROTOCOL = NO;
				GCC_WARN_INITIALIZER_NOT_FULLY_BRACKETED = YES;
				GCC_WARN_MULTIPLE_DEFINITION_TYPES_FOR_SELECTOR = YES;
				GCC_WARN_PEDANTIC = NO;
				GCC_WARN_SHADOW = YES;
				GCC_WARN_SIGN_COMPARE = YES;
				GCC_WARN_STRICT_SELECTOR_MATCH = YES;
				GCC_WARN_UNDECLARED_SELECTOR = YES;
				GCC_WARN_UNINITIALIZED_AUTOS = YES;
				GCC_WARN_UNUSED_FUNCTION = YES;
				GCC_WARN_UNUSED_LABEL = YES;
				GCC_WARN_UNUSED_VARIABLE = YES;
				IPHONEOS_DEPLOYMENT_TARGET = 5.1.1;
				MACOSX_DEPLOYMENT_TARGET = 10.6;
				WARNING_CFLAGS = (
					"-Wextra",
					"-Wall",
					"-Wno-unused-parameter",
				);
			};
			name = Release;
		};
		97B9CFF4158AD09B0085BC63 /* Debug */ = {
			isa = XCBuildConfiguration;
			buildSettings = {
				COMBINE_HIDPI_IMAGES = YES;
				COPY_PHASE_STRIP = NO;
				DYLIB_COMPATIBILITY_VERSION = 1;
				DYLIB_CURRENT_VERSION = 1;
				FRAMEWORK_VERSION = A;
				GCC_C_LANGUAGE_STANDARD = gnu99;
				GCC_OPTIMIZATION_LEVEL = 0;
				GCC_PREPROCESSOR_DEFINITIONS = (
					"DEBUG=1",
					"$(inherited)",
				);
				GCC_SYMBOLS_PRIVATE_EXTERN = NO;
				GCC_VERSION = com.apple.compilers.llvm.clang.1_0;
				GCC_WARN_64_TO_32_BIT_CONVERSION = YES;
				GCC_WARN_ABOUT_RETURN_TYPE = YES;
				GCC_WARN_UNUSED_VARIABLE = YES;
				INSTALL_PATH = "@executable_path/../Frameworks";
				ONLY_ACTIVE_ARCH = YES;
				PRODUCT_NAME = "$(TARGET_NAME)";
				SDKROOT = macosx;
				SKIP_INSTALL = YES;
				WRAPPER_EXTENSION = framework;
			};
			name = Debug;
		};
		97B9CFF5158AD09B0085BC63 /* Release */ = {
			isa = XCBuildConfiguration;
			buildSettings = {
				COMBINE_HIDPI_IMAGES = YES;
				COPY_PHASE_STRIP = YES;
				DEBUG_INFORMATION_FORMAT = "dwarf-with-dsym";
				DYLIB_COMPATIBILITY_VERSION = 1;
				DYLIB_CURRENT_VERSION = 1;
				FRAMEWORK_VERSION = A;
				GCC_C_LANGUAGE_STANDARD = gnu99;
				GCC_VERSION = com.apple.compilers.llvm.clang.1_0;
				GCC_WARN_64_TO_32_BIT_CONVERSION = YES;
				GCC_WARN_ABOUT_RETURN_TYPE = YES;
				GCC_WARN_UNUSED_VARIABLE = YES;
				INSTALL_PATH = "@executable_path/../Frameworks";
				PRODUCT_NAME = "$(TARGET_NAME)";
				SDKROOT = macosx;
				SKIP_INSTALL = YES;
				WRAPPER_EXTENSION = framework;
			};
			name = Release;
		};
		97B9D02F158AD5190085BC63 /* Debug */ = {
			isa = XCBuildConfiguration;
			buildSettings = {
				ALWAYS_SEARCH_USER_PATHS = NO;
				COMBINE_HIDPI_IMAGES = YES;
				COPY_PHASE_STRIP = NO;
				GCC_C_LANGUAGE_STANDARD = gnu99;
				GCC_DYNAMIC_NO_PIC = NO;
				GCC_ENABLE_OBJC_EXCEPTIONS = YES;
				GCC_OPTIMIZATION_LEVEL = 0;
				GCC_PRECOMPILE_PREFIX_HEADER = YES;
				GCC_PREPROCESSOR_DEFINITIONS = (
					"DEBUG=1",
					"$(inherited)",
				);
				GCC_SYMBOLS_PRIVATE_EXTERN = NO;
				GCC_VERSION = com.apple.compilers.llvm.clang.1_0;
				GCC_WARN_64_TO_32_BIT_CONVERSION = YES;
				INFOPLIST_FILE = Resources/Mac/MacInfo.plist;
				ONLY_ACTIVE_ARCH = YES;
				PRODUCT_NAME = "$(TARGET_NAME)";
				SDKROOT = macosx;
				WRAPPER_EXTENSION = app;
			};
			name = Debug;
		};
		97B9D030158AD5190085BC63 /* Release */ = {
			isa = XCBuildConfiguration;
			buildSettings = {
				ALWAYS_SEARCH_USER_PATHS = NO;
				COMBINE_HIDPI_IMAGES = YES;
				COPY_PHASE_STRIP = YES;
				DEBUG_INFORMATION_FORMAT = "dwarf-with-dsym";
				GCC_C_LANGUAGE_STANDARD = gnu99;
				GCC_ENABLE_OBJC_EXCEPTIONS = YES;
				GCC_PRECOMPILE_PREFIX_HEADER = YES;
				GCC_VERSION = com.apple.compilers.llvm.clang.1_0;
				GCC_WARN_64_TO_32_BIT_CONVERSION = YES;
				INFOPLIST_FILE = Resources/Mac/MacInfo.plist;
				PRODUCT_NAME = "$(TARGET_NAME)";
				SDKROOT = macosx;
				WRAPPER_EXTENSION = app;
			};
			name = Release;
		};
		97B9D088158ADD910085BC63 /* Debug */ = {
			isa = XCBuildConfiguration;
			buildSettings = {
				ALWAYS_SEARCH_USER_PATHS = NO;
				"CODE_SIGN_IDENTITY[sdk=iphoneos*]" = "iPhone Developer";
				COPY_PHASE_STRIP = NO;
				GCC_C_LANGUAGE_STANDARD = gnu99;
				GCC_DYNAMIC_NO_PIC = NO;
				GCC_OPTIMIZATION_LEVEL = 0;
				GCC_PRECOMPILE_PREFIX_HEADER = YES;
				GCC_PREPROCESSOR_DEFINITIONS = (
					"DEBUG=1",
					"$(inherited)",
				);
				GCC_SYMBOLS_PRIVATE_EXTERN = NO;
				GCC_VERSION = com.apple.compilers.llvm.clang.1_0;
				INFOPLIST_FILE = Resources/iPhone/iPhoneInfo.plist;
				LD_RUNPATH_SEARCH_PATHS = "$(inherited) @executable_path/Frameworks";
				OTHER_CFLAGS = "-DTARGET_OS_IPHONE";
				PRODUCT_NAME = "$(TARGET_NAME)";
				SDKROOT = iphoneos;
				TARGETED_DEVICE_FAMILY = "1,2";
				WRAPPER_EXTENSION = app;
			};
			name = Debug;
		};
		97B9D089158ADD910085BC63 /* Release */ = {
			isa = XCBuildConfiguration;
			buildSettings = {
				ALWAYS_SEARCH_USER_PATHS = NO;
				"CODE_SIGN_IDENTITY[sdk=iphoneos*]" = "iPhone Developer";
				COPY_PHASE_STRIP = YES;
				GCC_C_LANGUAGE_STANDARD = gnu99;
				GCC_PRECOMPILE_PREFIX_HEADER = YES;
				GCC_VERSION = com.apple.compilers.llvm.clang.1_0;
				INFOPLIST_FILE = Resources/iPhone/iPhoneInfo.plist;
				LD_RUNPATH_SEARCH_PATHS = "$(inherited) @executable_path/Frameworks";
				OTHER_CFLAGS = (
					"-DNS_BLOCK_ASSERTIONS=1",
					"-DTARGET_OS_IPHONE",
					"-DNDEBUG",
				);
				PRODUCT_NAME = "$(TARGET_NAME)";
				SDKROOT = iphoneos;
				TARGETED_DEVICE_FAMILY = "1,2";
				VALIDATE_PRODUCT = YES;
				WRAPPER_EXTENSION = app;
			};
			name = Release;
		};
/* End XCBuildConfiguration section */

/* Begin XCConfigurationList section */
		4965F2FC1824D40800EF8875 /* Build configuration list for PBXNativeTarget "libAudioStreamer" */ = {
			isa = XCConfigurationList;
			buildConfigurations = (
				4965F2F81824D40800EF8875 /* Debug */,
				4965F2F91824D40800EF8875 /* Release */,
			);
			defaultConfigurationIsVisible = 0;
			defaultConfigurationName = Release;
		};
		973BB667158AD07000A7D459 /* Build configuration list for PBXProject "AudioStreamer" */ = {
			isa = XCConfigurationList;
			buildConfigurations = (
				973BB669158AD07000A7D459 /* Debug */,
				973BB66A158AD07000A7D459 /* Release */,
			);
			defaultConfigurationIsVisible = 0;
			defaultConfigurationName = Release;
		};
		97B9CFF6158AD09B0085BC63 /* Build configuration list for PBXNativeTarget "AudioStreamer" */ = {
			isa = XCConfigurationList;
			buildConfigurations = (
				97B9CFF4158AD09B0085BC63 /* Debug */,
				97B9CFF5158AD09B0085BC63 /* Release */,
			);
			defaultConfigurationIsVisible = 0;
			defaultConfigurationName = Release;
		};
		97B9D02E158AD5190085BC63 /* Build configuration list for PBXNativeTarget "Mac Streaming Player" */ = {
			isa = XCConfigurationList;
			buildConfigurations = (
				97B9D02F158AD5190085BC63 /* Debug */,
				97B9D030158AD5190085BC63 /* Release */,
			);
			defaultConfigurationIsVisible = 0;
			defaultConfigurationName = Release;
		};
		97B9D087158ADD910085BC63 /* Build configuration list for PBXNativeTarget "iPhone Streaming Player" */ = {
			isa = XCConfigurationList;
			buildConfigurations = (
				97B9D088158ADD910085BC63 /* Debug */,
				97B9D089158ADD910085BC63 /* Release */,
			);
			defaultConfigurationIsVisible = 0;
			defaultConfigurationName = Release;
		};
/* End XCConfigurationList section */
	};
	rootObject = 973BB664158AD07000A7D459 /* Project object */;
}
